
Microsoft Visual Studio Solution File, Format Version 12.00
# Visual Studio Version 17
VisualStudioVersion = 17.2.32616.157
MinimumVisualStudioVersion = 10.0.40219.1
Project("{FAE04EC0-301F-11D3-BF4B-00C04F79EFBC}") = "Entities", "Entities\Entities.csproj", "{162F8484-91FD-4F11-BB6B-EE86C6917D70}"
EndProject
Project("{FAE04EC0-301F-11D3-BF4B-00C04F79EFBC}") = "Business", "Business\Business.csproj", "{E97FFC7B-EA5C-431D-83E1-B2677B82599F}"
EndProject
Project("{FAE04EC0-301F-11D3-BF4B-00C04F79EFBC}") = "ConsoleUI", "ConsoleUI\ConsoleUI.csproj", "{B368AF5F-B7DB-44A0-AF9B-6611A72AB75C}"
EndProject
Project("{FAE04EC0-301F-11D3-BF4B-00C04F79EFBC}") = "DataAccess", "DataAccess\DataAccess.csproj", "{C20119E9-1F52-47F9-A18D-886282D419D8}"
EndProject
Global
	GlobalSection(SolutionConfigurationPlatforms) = preSolution
		Debug|Any CPU = Debug|Any CPU
		Release|Any CPU = Release|Any CPU
	EndGlobalSection
	GlobalSection(ProjectConfigurationPlatforms) = postSolution
		{162F8484-91FD-4F11-BB6B-EE86C6917D70}.Debug|Any CPU.ActiveCfg = Debug|Any CPU
		{162F8484-91FD-4F11-BB6B-EE86C6917D70}.Debug|Any CPU.Build.0 = Debug|Any CPU
		{162F8484-91FD-4F11-BB6B-EE86C6917D70}.Release|Any CPU.ActiveCfg = Release|Any CPU
		{162F8484-91FD-4F11-BB6B-EE86C6917D70}.Release|Any CPU.Build.0 = Release|Any CPU
		{E97FFC7B-EA5C-431D-83E1-B2677B82599F}.Debug|Any CPU.ActiveCfg = Debug|Any CPU
		{E97FFC7B-EA5C-431D-83E1-B2677B82599F}.Debug|Any CPU.Build.0 = Debug|Any CPU
		{E97FFC7B-EA5C-431D-83E1-B2677B82599F}.Release|Any CPU.ActiveCfg = Release|Any CPU
		{E97FFC7B-EA5C-431D-83E1-B2677B82599F}.Release|Any CPU.Build.0 = Release|Any CPU
		{B368AF5F-B7DB-44A0-AF9B-6611A72AB75C}.Debug|Any CPU.ActiveCfg = Debug|Any CPU
		{B368AF5F-B7DB-44A0-AF9B-6611A72AB75C}.Debug|Any CPU.Build.0 = Debug|Any CPU
		{B368AF5F-B7DB-44A0-AF9B-6611A72AB75C}.Release|Any CPU.ActiveCfg = Release|Any CPU
		{B368AF5F-B7DB-44A0-AF9B-6611A72AB75C}.Release|Any CPU.Build.0 = Release|Any CPU
		{C20119E9-1F52-47F9-A18D-886282D419D8}.Debug|Any CPU.ActiveCfg = Debug|Any CPU
		{C20119E9-1F52-47F9-A18D-886282D419D8}.Debug|Any CPU.Build.0 = Debug|Any CPU
		{C20119E9-1F52-47F9-A18D-886282D419D8}.Release|Any CPU.ActiveCfg = Release|Any CPU
		{C20119E9-1F52-47F9-A18D-886282D419D8}.Release|Any CPU.Build.0 = Release|Any CPU
	EndGlobalSection
	GlobalSection(SolutionProperties) = preSolution
		HideSolutionNode = FALSE
	EndGlobalSection
	GlobalSection(ExtensibilityGlobals) = postSolution
		SolutionGuid = {4E1DB813-CB79-4459-915E-DAEEF524C5CC}
	EndGlobalSection
EndGlobal
